
Microsoft Visual Studio Solution File, Format Version 12.00
# Visual Studio Version 17
VisualStudioVersion = 17.2.32602.215
MinimumVisualStudioVersion = 10.0.40219.1
Project("{9A19103F-16F7-4668-BE54-9A1E7A4F7556}") = "ITPHAcademyOMAWebAPI", "ITPHAcademyOMAWebAPI\ITPHAcademyOMAWebAPI.csproj", "{B404724B-6B9D-4828-9848-39542F99346A}"
EndProject
Global
	GlobalSection(SolutionConfigurationPlatforms) = preSolution
		Debug|Any CPU = Debug|Any CPU
		Release|Any CPU = Release|Any CPU
	EndGlobalSection
	GlobalSection(ProjectConfigurationPlatforms) = postSolution
		{B404724B-6B9D-4828-9848-39542F99346A}.Debug|Any CPU.ActiveCfg = Debug|Any CPU
		{B404724B-6B9D-4828-9848-39542F99346A}.Debug|Any CPU.Build.0 = Debug|Any CPU
		{B404724B-6B9D-4828-9848-39542F99346A}.Release|Any CPU.ActiveCfg = Release|Any CPU
		{B404724B-6B9D-4828-9848-39542F99346A}.Release|Any CPU.Build.0 = Release|Any CPU
	EndGlobalSection
	GlobalSection(SolutionProperties) = preSolution
		HideSolutionNode = FALSE
	EndGlobalSection
	GlobalSection(ExtensibilityGlobals) = postSolution
		SolutionGuid = {E780E337-0C00-4562-858E-1FE150AA87E5}
	EndGlobalSection
EndGlobal
